
Microsoft Visual Studio Solution File, Format Version 12.00
# Visual Studio Version 16
VisualStudioVersion = 16.0.30011.22
MinimumVisualStudioVersion = 10.0.40219.1
Project("{E24C65DC-7377-472B-9ABA-BC803B73C61A}") = "Samples5", ".", "{6F4DED33-3F58-443D-BEC9-2C33EE187847}"
	ProjectSection(WebsiteProperties) = preProject
		TargetFrameworkMoniker = ".NETFramework,Version%3Dv3.5"
		Debug.AspNetCompiler.VirtualPath = "/Samples4"
		Debug.AspNetCompiler.PhysicalPath = "..\Samples4\"
		Debug.AspNetCompiler.TargetPath = "PrecompiledWeb\Samples4\"
		Debug.AspNetCompiler.Updateable = "true"
		Debug.AspNetCompiler.ForceOverwrite = "true"
		Debug.AspNetCompiler.FixedNames = "false"
		Debug.AspNetCompiler.Debug = "True"
		Release.AspNetCompiler.VirtualPath = "/Samples4"
		Release.AspNetCompiler.PhysicalPath = "..\Samples4\"
		Release.AspNetCompiler.TargetPath = "PrecompiledWeb\Samples4\"
		Release.AspNetCompiler.Updateable = "true"
		Release.AspNetCompiler.ForceOverwrite = "true"
		Release.AspNetCompiler.FixedNames = "false"
		Release.AspNetCompiler.Debug = "False"
		VWDPort = "13606"
		VWDVirtualPath = "/Samples5"
	EndProjectSection
EndProject
Global
	GlobalSection(SolutionConfigurationPlatforms) = preSolution
		Debug|Any CPU = Debug|Any CPU
	EndGlobalSection
	GlobalSection(ProjectConfigurationPlatforms) = postSolution
		{6F4DED33-3F58-443D-BEC9-2C33EE187847}.Debug|Any CPU.ActiveCfg = Debug|Any CPU
		{6F4DED33-3F58-443D-BEC9-2C33EE187847}.Debug|Any CPU.Build.0 = Debug|Any CPU
	EndGlobalSection
	GlobalSection(SolutionProperties) = preSolution
		HideSolutionNode = FALSE
	EndGlobalSection
	GlobalSection(ExtensibilityGlobals) = postSolution
		SolutionGuid = {0D72B132-60B7-446F-844C-6E0A919F94D1}
	EndGlobalSection
EndGlobal
